
Microsoft Visual Studio Solution File, Format Version 12.00
# Visual Studio Version 17
VisualStudioVersion = 17.9.34728.123
MinimumVisualStudioVersion = 10.0.40219.1
Project("{FAE04EC0-301F-11D3-BF4B-00C04F79EFBC}") = "WebApplication1", "WebApplication1\WebApplication1.csproj", "{BE191F12-1A6E-49ED-A33E-566B386AE41A}"
EndProject
Global
	GlobalSection(SolutionConfigurationPlatforms) = preSolution
		Debug|Any CPU = Debug|Any CPU
		Release|Any CPU = Release|Any CPU
	EndGlobalSection
	GlobalSection(ProjectConfigurationPlatforms) = postSolution
		{BE191F12-1A6E-49ED-A33E-566B386AE41A}.Debug|Any CPU.ActiveCfg = Debug|Any CPU
		{BE191F12-1A6E-49ED-A33E-566B386AE41A}.Debug|Any CPU.Build.0 = Debug|Any CPU
		{BE191F12-1A6E-49ED-A33E-566B386AE41A}.Release|Any CPU.ActiveCfg = Release|Any CPU
		{BE191F12-1A6E-49ED-A33E-566B386AE41A}.Release|Any CPU.Build.0 = Release|Any CPU
	EndGlobalSection
	GlobalSection(SolutionProperties) = preSolution
		HideSolutionNode = FALSE
	EndGlobalSection
	GlobalSection(ExtensibilityGlobals) = postSolution
		SolutionGuid = {97D2E84E-97E0-4504-B8A4-4F828ABBBC48}
	EndGlobalSection
EndGlobal
